
Microsoft Visual Studio Solution File, Format Version 12.00
# Visual Studio Version 17
VisualStudioVersion = 17.14.36221.1 d17.14
MinimumVisualStudioVersion = 10.0.40219.1
Project("{FAE04EC0-301F-11D3-BF4B-00C04F79EFBC}") = "SwiftAir", "SwiftAir\SwiftAir.csproj", "{D1A3D0E7-9FC8-4111-B085-0FCC22B58B86}"
EndProject
Global
	GlobalSection(SolutionConfigurationPlatforms) = preSolution
		Debug|Any CPU = Debug|Any CPU
		Release|Any CPU = Release|Any CPU
	EndGlobalSection
	GlobalSection(ProjectConfigurationPlatforms) = postSolution
		{D1A3D0E7-9FC8-4111-B085-0FCC22B58B86}.Debug|Any CPU.ActiveCfg = Debug|Any CPU
		{D1A3D0E7-9FC8-4111-B085-0FCC22B58B86}.Debug|Any CPU.Build.0 = Debug|Any CPU
		{D1A3D0E7-9FC8-4111-B085-0FCC22B58B86}.Release|Any CPU.ActiveCfg = Release|Any CPU
		{D1A3D0E7-9FC8-4111-B085-0FCC22B58B86}.Release|Any CPU.Build.0 = Release|Any CPU
	EndGlobalSection
	GlobalSection(SolutionProperties) = preSolution
		HideSolutionNode = FALSE
	EndGlobalSection
	GlobalSection(ExtensibilityGlobals) = postSolution
		SolutionGuid = {2D3C9F43-E7AB-4269-B4D7-DA037BF794AF}
	EndGlobalSection
EndGlobal
